
Microsoft Visual Studio Solution File, Format Version 12.00
Project("{FAE04EC0-301F-11D3-BF4B-00C04F79EFBC}") = "Csharp-server", "Csharp-server.csproj", "{9552ED73-029D-458D-B987-A7110A115035}"
EndProject
Global
	GlobalSection(SolutionConfigurationPlatforms) = preSolution
		Debug|Any CPU = Debug|Any CPU
		Release|Any CPU = Release|Any CPU
	EndGlobalSection
	GlobalSection(ProjectConfigurationPlatforms) = postSolution
		{9552ED73-029D-458D-B987-A7110A115035}.Debug|Any CPU.ActiveCfg = Debug|Any CPU
		{9552ED73-029D-458D-B987-A7110A115035}.Debug|Any CPU.Build.0 = Debug|Any CPU
		{9552ED73-029D-458D-B987-A7110A115035}.Release|Any CPU.ActiveCfg = Release|Any CPU
		{9552ED73-029D-458D-B987-A7110A115035}.Release|Any CPU.Build.0 = Release|Any CPU
	EndGlobalSection
EndGlobal
